
Microsoft Visual Studio Solution File, Format Version 12.00
# Visual Studio Version 17
VisualStudioVersion = 17.10.34928.147
MinimumVisualStudioVersion = 10.0.40219.1
Project("{8BC9CEB8-8B4A-11D0-8D11-00A0C91BC942}") = "Demo", "Vector_project\Vector_project.vcxproj", "{BA5F7D4D-D930-4823-8F37-124B1D0C508E}"
EndProject
Project("{8BC9CEB8-8B4A-11D0-8D11-00A0C91BC942}") = "main", "main\main.vcxproj", "{E58DD60A-2DB6-491C-924B-B126BEF38354}"
EndProject
Project("{8BC9CEB8-8B4A-11D0-8D11-00A0C91BC942}") = "UnitTest1", "UnitTest1\UnitTest1.vcxproj", "{A44D764E-726E-4FD0-98C1-5300EF90B901}"
EndProject
Global
	GlobalSection(SolutionConfigurationPlatforms) = preSolution
		Debug|x64 = Debug|x64
		Debug|x86 = Debug|x86
		Release|x64 = Release|x64
		Release|x86 = Release|x86
	EndGlobalSection
	GlobalSection(ProjectConfigurationPlatforms) = postSolution
		{BA5F7D4D-D930-4823-8F37-124B1D0C508E}.Debug|x64.ActiveCfg = Debug|x64
		{BA5F7D4D-D930-4823-8F37-124B1D0C508E}.Debug|x64.Build.0 = Debug|x64
		{BA5F7D4D-D930-4823-8F37-124B1D0C508E}.Debug|x86.ActiveCfg = Debug|Win32
		{BA5F7D4D-D930-4823-8F37-124B1D0C508E}.Debug|x86.Build.0 = Debug|Win32
		{BA5F7D4D-D930-4823-8F37-124B1D0C508E}.Release|x64.ActiveCfg = Release|x64
		{BA5F7D4D-D930-4823-8F37-124B1D0C508E}.Release|x64.Build.0 = Release|x64
		{BA5F7D4D-D930-4823-8F37-124B1D0C508E}.Release|x86.ActiveCfg = Release|Win32
		{BA5F7D4D-D930-4823-8F37-124B1D0C508E}.Release|x86.Build.0 = Release|Win32
		{E58DD60A-2DB6-491C-924B-B126BEF38354}.Debug|x64.ActiveCfg = Debug|x64
		{E58DD60A-2DB6-491C-924B-B126BEF38354}.Debug|x64.Build.0 = Debug|x64
		{E58DD60A-2DB6-491C-924B-B126BEF38354}.Debug|x86.ActiveCfg = Debug|Win32
		{E58DD60A-2DB6-491C-924B-B126BEF38354}.Debug|x86.Build.0 = Debug|Win32
		{E58DD60A-2DB6-491C-924B-B126BEF38354}.Release|x64.ActiveCfg = Release|x64
		{E58DD60A-2DB6-491C-924B-B126BEF38354}.Release|x64.Build.0 = Release|x64
		{E58DD60A-2DB6-491C-924B-B126BEF38354}.Release|x86.ActiveCfg = Release|Win32
		{E58DD60A-2DB6-491C-924B-B126BEF38354}.Release|x86.Build.0 = Release|Win32
		{A44D764E-726E-4FD0-98C1-5300EF90B901}.Debug|x64.ActiveCfg = Debug|x64
		{A44D764E-726E-4FD0-98C1-5300EF90B901}.Debug|x64.Build.0 = Debug|x64
		{A44D764E-726E-4FD0-98C1-5300EF90B901}.Debug|x86.ActiveCfg = Debug|Win32
		{A44D764E-726E-4FD0-98C1-5300EF90B901}.Debug|x86.Build.0 = Debug|Win32
		{A44D764E-726E-4FD0-98C1-5300EF90B901}.Release|x64.ActiveCfg = Release|x64
		{A44D764E-726E-4FD0-98C1-5300EF90B901}.Release|x64.Build.0 = Release|x64
		{A44D764E-726E-4FD0-98C1-5300EF90B901}.Release|x86.ActiveCfg = Release|Win32
		{A44D764E-726E-4FD0-98C1-5300EF90B901}.Release|x86.Build.0 = Release|Win32
	EndGlobalSection
	GlobalSection(SolutionProperties) = preSolution
		HideSolutionNode = FALSE
	EndGlobalSection
	GlobalSection(ExtensibilityGlobals) = postSolution
		SolutionGuid = {B3BB47A0-39D7-4E0A-B2B4-27AC69F824D2}
	EndGlobalSection
EndGlobal
